
Microsoft Visual Studio Solution File, Format Version 12.00
# Visual Studio Version 16
VisualStudioVersion = 16.0.30011.22
MinimumVisualStudioVersion = 10.0.40219.1
Project("{FAE04EC0-301F-11D3-BF4B-00C04F79EFBC}") = "WordExport", "WordExport\WordExport.csproj", "{37BDBE03-3784-4902-B77A-D7D6928AFB9C}"
EndProject
Project("{FAE04EC0-301F-11D3-BF4B-00C04F79EFBC}") = "WordExportUnittests", "WordExportUnittests\WordExportUnittests.csproj", "{741D01F3-2BA7-445C-9FDA-D0C9BEB06B49}"
EndProject
Project("{FAE04EC0-301F-11D3-BF4B-00C04F79EFBC}") = "ALMOctaneExport", "ALMOctaneExport\ALMOctaneExport.csproj", "{78A76485-6421-47C3-95F3-995510C8D06E}"
EndProject
Global
	GlobalSection(SolutionConfigurationPlatforms) = preSolution
		Debug|Any CPU = Debug|Any CPU
		Release|Any CPU = Release|Any CPU
	EndGlobalSection
	GlobalSection(ProjectConfigurationPlatforms) = postSolution
		{37BDBE03-3784-4902-B77A-D7D6928AFB9C}.Debug|Any CPU.ActiveCfg = Debug|Any CPU
		{37BDBE03-3784-4902-B77A-D7D6928AFB9C}.Debug|Any CPU.Build.0 = Debug|Any CPU
		{37BDBE03-3784-4902-B77A-D7D6928AFB9C}.Release|Any CPU.ActiveCfg = Release|Any CPU
		{37BDBE03-3784-4902-B77A-D7D6928AFB9C}.Release|Any CPU.Build.0 = Release|Any CPU
		{741D01F3-2BA7-445C-9FDA-D0C9BEB06B49}.Debug|Any CPU.ActiveCfg = Debug|Any CPU
		{741D01F3-2BA7-445C-9FDA-D0C9BEB06B49}.Debug|Any CPU.Build.0 = Debug|Any CPU
		{741D01F3-2BA7-445C-9FDA-D0C9BEB06B49}.Release|Any CPU.ActiveCfg = Release|Any CPU
		{741D01F3-2BA7-445C-9FDA-D0C9BEB06B49}.Release|Any CPU.Build.0 = Release|Any CPU
		{78A76485-6421-47C3-95F3-995510C8D06E}.Debug|Any CPU.ActiveCfg = Debug|Any CPU
		{78A76485-6421-47C3-95F3-995510C8D06E}.Debug|Any CPU.Build.0 = Debug|Any CPU
		{78A76485-6421-47C3-95F3-995510C8D06E}.Release|Any CPU.ActiveCfg = Release|Any CPU
		{78A76485-6421-47C3-95F3-995510C8D06E}.Release|Any CPU.Build.0 = Release|Any CPU
	EndGlobalSection
	GlobalSection(SolutionProperties) = preSolution
		HideSolutionNode = FALSE
	EndGlobalSection
	GlobalSection(ExtensibilityGlobals) = postSolution
		SolutionGuid = {06529D8A-519F-412F-963F-50A5358766D6}
	EndGlobalSection
EndGlobal
